// !$*UTF8*$!
{
	archiveVersion = 1;
	classes = {
	};
	objectVersion = 46;
	objects = {

/* Begin PBXBuildFile section */
		4FDE8D1219F9D3E00043659F /* logo.png in Resources */ = {isa = PBXBuildFile; fileRef = 4FDE8D1019F9D3E00043659F /* logo.png */; };
		4FDE8D1319F9D3E00043659F /* logo@2x.png in Resources */ = {isa = PBXBuildFile; fileRef = 4FDE8D1119F9D3E00043659F /* logo@2x.png */; };
		4FDE8D1C19F9D8470043659F /* ng.png in Resources */ = {isa = PBXBuildFile; fileRef = 4FDE8D1619F9D8470043659F /* ng.png */; };
		4FDE8D1D19F9D8470043659F /* ng@2x.png in Resources */ = {isa = PBXBuildFile; fileRef = 4FDE8D1719F9D8470043659F /* ng@2x.png */; };
		4FDE8D1E19F9D8470043659F /* ok.png in Resources */ = {isa = PBXBuildFile; fileRef = 4FDE8D1819F9D8470043659F /* ok.png */; };
		4FDE8D1F19F9D8470043659F /* ok@2x.png in Resources */ = {isa = PBXBuildFile; fileRef = 4FDE8D1919F9D8470043659F /* ok@2x.png */; };
		4FDE8D2019F9D8470043659F /* sound.png in Resources */ = {isa = PBXBuildFile; fileRef = 4FDE8D1A19F9D8470043659F /* sound.png */; };
		4FDE8D2119F9D8470043659F /* sound@2x.png in Resources */ = {isa = PBXBuildFile; fileRef = 4FDE8D1B19F9D8470043659F /* sound@2x.png */; };
		4FDE8D2619F9DF2B0043659F /* sound.mp3 in Resources */ = {isa = PBXBuildFile; fileRef = 4FDE8D2319F9DF2B0043659F /* sound.mp3 */; };
		4FDE8D2719F9DF2B0043659F /* ok.mp3 in Resources */ = {isa = PBXBuildFile; fileRef = 4FDE8D2419F9DF2B0043659F /* ok.mp3 */; };
		4FDE8D2819F9DF2B0043659F /* ng.mp3 in Resources */ = {isa = PBXBuildFile; fileRef = 4FDE8D2519F9DF2B0043659F /* ng.mp3 */; };
		4FF296C019F906F300DAA613 /* AppDelegate.swift in Sources */ = {isa = PBXBuildFile; fileRef = 4FF296BF19F906F300DAA613 /* AppDelegate.swift */; };
		4FF296C219F906F300DAA613 /* ViewController.swift in Sources */ = {isa = PBXBuildFile; fileRef = 4FF296C119F906F300DAA613 /* ViewController.swift */; };
		4FF296C719F906F300DAA613 /* Images.xcassets in Resources */ = {isa = PBXBuildFile; fileRef = 4FF296C619F906F300DAA613 /* Images.xcassets */; };
		4FF296CA19F906F300DAA613 /* LaunchScreen.xib in Resources */ = {isa = PBXBuildFile; fileRef = 4FF296C819F906F300DAA613 /* LaunchScreen.xib */; };
		4FF296D619F906F300DAA613 /* CounterTests.swift in Sources */ = {isa = PBXBuildFile; fileRef = 4FF296D519F906F300DAA613 /* CounterTests.swift */; };
		4FF296E019F9090400DAA613 /* CounterCell.swift in Sources */ = {isa = PBXBuildFile; fileRef = 4FF296DF19F9090400DAA613 /* CounterCell.swift */; };
/* End PBXBuildFile section */

/* Begin PBXContainerItemProxy section */
		4FF296D019F906F300DAA613 /* PBXContainerItemProxy */ = {
			isa = PBXContainerItemProxy;
			containerPortal = 4FF296B219F906F200DAA613 /* Project object */;
			proxyType = 1;
			remoteGlobalIDString = 4FF296B919F906F300DAA613;
			remoteInfo = Counter;
		};
/* End PBXContainerItemProxy section */

/* Begin PBXFileReference section */
		4FDE8D1019F9D3E00043659F /* logo.png */ = {isa = PBXFileReference; lastKnownFileType = image.png; name = logo.png; path = Counter/logo.png; sourceTree = "<group>"; };
		4FDE8D1119F9D3E00043659F /* logo@2x.png */ = {isa = PBXFileReference; lastKnownFileType = image.png; name = "logo@2x.png"; path = "Counter/logo@2x.png"; sourceTree = "<group>"; };
		4FDE8D1619F9D8470043659F /* ng.png */ = {isa = PBXFileReference; lastKnownFileType = image.png; path = ng.png; sourceTree = "<group>"; };
		4FDE8D1719F9D8470043659F /* ng@2x.png */ = {isa = PBXFileReference; lastKnownFileType = image.png; path = "ng@2x.png"; sourceTree = "<group>"; };
		4FDE8D1819F9D8470043659F /* ok.png */ = {isa = PBXFileReference; lastKnownFileType = image.png; path = ok.png; sourceTree = "<group>"; };
		4FDE8D1919F9D8470043659F /* ok@2x.png */ = {isa = PBXFileReference; lastKnownFileType = image.png; path = "ok@2x.png"; sourceTree = "<group>"; };
		4FDE8D1A19F9D8470043659F /* sound.png */ = {isa = PBXFileReference; lastKnownFileType = image.png; path = sound.png; sourceTree = "<group>"; };
		4FDE8D1B19F9D8470043659F /* sound@2x.png */ = {isa = PBXFileReference; lastKnownFileType = image.png; path = "sound@2x.png"; sourceTree = "<group>"; };
		4FDE8D2319F9DF2B0043659F /* sound.mp3 */ = {isa = PBXFileReference; lastKnownFileType = audio.mp3; path = sound.mp3; sourceTree = "<group>"; };
		4FDE8D2419F9DF2B0043659F /* ok.mp3 */ = {isa = PBXFileReference; lastKnownFileType = audio.mp3; path = ok.mp3; sourceTree = "<group>"; };
		4FDE8D2519F9DF2B0043659F /* ng.mp3 */ = {isa = PBXFileReference; lastKnownFileType = audio.mp3; path = ng.mp3; sourceTree = "<group>"; };
		4FF296BA19F906F300DAA613 /* Counter.app */ = {isa = PBXFileReference; explicitFileType = wrapper.application; includeInIndex = 0; path = Counter.app; sourceTree = BUILT_PRODUCTS_DIR; };
		4FF296BE19F906F300DAA613 /* Info.plist */ = {isa = PBXFileReference; lastKnownFileType = text.plist.xml; path = Info.plist; sourceTree = "<group>"; };
		4FF296BF19F906F300DAA613 /* AppDelegate.swift */ = {isa = PBXFileReference; lastKnownFileType = sourcecode.swift; path = AppDelegate.swift; sourceTree = "<group>"; };
		4FF296C119F906F300DAA613 /* ViewController.swift */ = {isa = PBXFileReference; lastKnownFileType = sourcecode.swift; path = ViewController.swift; sourceTree = "<group>"; };
		4FF296C619F906F300DAA613 /* Images.xcassets */ = {isa = PBXFileReference; lastKnownFileType = folder.assetcatalog; path = Images.xcassets; sourceTree = "<group>"; };
		4FF296C919F906F300DAA613 /* Base */ = {isa = PBXFileReference; lastKnownFileType = file.xib; name = Base; path = Base.lproj/LaunchScreen.xib; sourceTree = "<group>"; };
		4FF296CF19F906F300DAA613 /* CounterTests.xctest */ = {isa = PBXFileReference; explicitFileType = wrapper.cfbundle; includeInIndex = 0; path = CounterTests.xctest; sourceTree = BUILT_PRODUCTS_DIR; };
		4FF296D419F906F300DAA613 /* Info.plist */ = {isa = PBXFileReference; lastKnownFileType = text.plist.xml; path = Info.plist; sourceTree = "<group>"; };
		4FF296D519F906F300DAA613 /* CounterTests.swift */ = {isa = PBXFileReference; lastKnownFileType = sourcecode.swift; path = CounterTests.swift; sourceTree = "<group>"; };
		4FF296DF19F9090400DAA613 /* CounterCell.swift */ = {isa = PBXFileReference; fileEncoding = 4; lastKnownFileType = sourcecode.swift; path = CounterCell.swift; sourceTree = "<group>"; };
/* End PBXFileReference section */

/* Begin PBXFrameworksBuildPhase section */
		4FF296B719F906F300DAA613 /* Frameworks */ = {
			isa = PBXFrameworksBuildPhase;
			buildActionMask = 2147483647;
			files = (
			);
			runOnlyForDeploymentPostprocessing = 0;
		};
		4FF296CC19F906F300DAA613 /* Frameworks */ = {
			isa = PBXFrameworksBuildPhase;
			buildActionMask = 2147483647;
			files = (
			);
			runOnlyForDeploymentPostprocessing = 0;
		};
/* End PBXFrameworksBuildPhase section */

/* Begin PBXGroup section */
		4FDE8D1419F9D3EA0043659F /* Resources */ = {
			isa = PBXGroup;
			children = (
				4FDE8D2219F9DF130043659F /* Sounds */,
				4FDE8D1519F9D3EF0043659F /* Images */,
			);
			name = Resources;
			sourceTree = "<group>";
		};
		4FDE8D1519F9D3EF0043659F /* Images */ = {
			isa = PBXGroup;
			children = (
				4FDE8D1019F9D3E00043659F /* logo.png */,
				4FDE8D1119F9D3E00043659F /* logo@2x.png */,
				4FDE8D1619F9D8470043659F /* ng.png */,
				4FDE8D1719F9D8470043659F /* ng@2x.png */,
				4FDE8D1819F9D8470043659F /* ok.png */,
				4FDE8D1919F9D8470043659F /* ok@2x.png */,
				4FDE8D1A19F9D8470043659F /* sound.png */,
				4FDE8D1B19F9D8470043659F /* sound@2x.png */,
			);
			name = Images;
			sourceTree = "<group>";
		};
		4FDE8D2219F9DF130043659F /* Sounds */ = {
			isa = PBXGroup;
			children = (
				4FDE8D2319F9DF2B0043659F /* sound.mp3 */,
				4FDE8D2419F9DF2B0043659F /* ok.mp3 */,
				4FDE8D2519F9DF2B0043659F /* ng.mp3 */,
			);
			name = Sounds;
			sourceTree = "<group>";
		};
		4FF296B119F906F200DAA613 = {
			isa = PBXGroup;
			children = (
				4FDE8D1419F9D3EA0043659F /* Resources */,
				4FF296BC19F906F300DAA613 /* Counter */,
				4FF296D219F906F300DAA613 /* CounterTests */,
				4FF296BB19F906F300DAA613 /* Products */,
			);
			sourceTree = "<group>";
		};
		4FF296BB19F906F300DAA613 /* Products */ = {
			isa = PBXGroup;
			children = (
				4FF296BA19F906F300DAA613 /* Counter.app */,
				4FF296CF19F906F300DAA613 /* CounterTests.xctest */,
			);
			name = Products;
			sourceTree = "<group>";
		};
		4FF296BC19F906F300DAA613 /* Counter */ = {
			isa = PBXGroup;
			children = (
				4FF296BF19F906F300DAA613 /* AppDelegate.swift */,
				4FF296C119F906F300DAA613 /* ViewController.swift */,
				4FF296DF19F9090400DAA613 /* CounterCell.swift */,
				4FF296C619F906F300DAA613 /* Images.xcassets */,
				4FF296C819F906F300DAA613 /* LaunchScreen.xib */,
				4FF296BD19F906F300DAA613 /* Supporting Files */,
			);
			path = Counter;
			sourceTree = "<group>";
		};
		4FF296BD19F906F300DAA613 /* Supporting Files */ = {
			isa = PBXGroup;
			children = (
				4FF296BE19F906F300DAA613 /* Info.plist */,
			);
			name = "Supporting Files";
			sourceTree = "<group>";
		};
		4FF296D219F906F300DAA613 /* CounterTests */ = {
			isa = PBXGroup;
			children = (
				4FF296D519F906F300DAA613 /* CounterTests.swift */,
				4FF296D319F906F300DAA613 /* Supporting Files */,
			);
			path = CounterTests;
			sourceTree = "<group>";
		};
		4FF296D319F906F300DAA613 /* Supporting Files */ = {
			isa = PBXGroup;
			children = (
				4FF296D419F906F300DAA613 /* Info.plist */,
			);
			name = "Supporting Files";
			sourceTree = "<group>";
		};
/* End PBXGroup section */

/* Begin PBXNativeTarget section */
		4FF296B919F906F300DAA613 /* Counter */ = {
			isa = PBXNativeTarget;
			buildConfigurationList = 4FF296D919F906F300DAA613 /* Build configuration list for PBXNativeTarget "Counter" */;
			buildPhases = (
				4FF296B619F906F300DAA613 /* Sources */,
				4FF296B719F906F300DAA613 /* Frameworks */,
				4FF296B819F906F300DAA613 /* Resources */,
			);
			buildRules = (
			);
			dependencies = (
			);
			name = Counter;
			productName = Counter;
			productReference = 4FF296BA19F906F300DAA613 /* Counter.app */;
			productType = "com.apple.product-type.application";
		};
		4FF296CE19F906F300DAA613 /* CounterTests */ = {
			isa = PBXNativeTarget;
			buildConfigurationList = 4FF296DC19F906F300DAA613 /* Build configuration list for PBXNativeTarget "CounterTests" */;
			buildPhases = (
				4FF296CB19F906F300DAA613 /* Sources */,
				4FF296CC19F906F300DAA613 /* Frameworks */,
				4FF296CD19F906F300DAA613 /* Resources */,
			);
			buildRules = (
			);
			dependencies = (
				4FF296D119F906F300DAA613 /* PBXTargetDependency */,
			);
			name = CounterTests;
			productName = CounterTests;
			productReference = 4FF296CF19F906F300DAA613 /* CounterTests.xctest */;
			productType = "com.apple.product-type.bundle.unit-test";
		};
/* End PBXNativeTarget section */

/* Begin PBXProject section */
		4FF296B219F906F200DAA613 /* Project object */ = {
			isa = PBXProject;
			attributes = {
				LastUpgradeCheck = 0610;
				ORGANIZATIONNAME = ATGS;
				TargetAttributes = {
					4FF296B919F906F300DAA613 = {
						CreatedOnToolsVersion = 6.1;
					};
					4FF296CE19F906F300DAA613 = {
						CreatedOnToolsVersion = 6.1;
						TestTargetID = 4FF296B919F906F300DAA613;
					};
				};
			};
			buildConfigurationList = 4FF296B519F906F200DAA613 /* Build configuration list for PBXProject "Counter" */;
			compatibilityVersion = "Xcode 3.2";
			developmentRegion = English;
			hasScannedForEncodings = 0;
			knownRegions = (
				en,
				Base,
			);
			mainGroup = 4FF296B119F906F200DAA613;
			productRefGroup = 4FF296BB19F906F300DAA613 /* Products */;
			projectDirPath = "";
			projectRoot = "";
			targets = (
				4FF296B919F906F300DAA613 /* Counter */,
				4FF296CE19F906F300DAA613 /* CounterTests */,
			);
		};
/* End PBXProject section */

/* Begin PBXResourcesBuildPhase section */
		4FF296B819F906F300DAA613 /* Resources */ = {
			isa = PBXResourcesBuildPhase;
			buildActionMask = 2147483647;
			files = (
				4FDE8D1F19F9D8470043659F /* ok@2x.png in Resources */,
				4FDE8D2819F9DF2B0043659F /* ng.mp3 in Resources */,
				4FDE8D2019F9D8470043659F /* sound.png in Resources */,
				4FDE8D2719F9DF2B0043659F /* ok.mp3 in Resources */,
				4FDE8D2119F9D8470043659F /* sound@2x.png in Resources */,
				4FDE8D1E19F9D8470043659F /* ok.png in Resources */,
				4FDE8D2619F9DF2B0043659F /* sound.mp3 in Resources */,
				4FDE8D1C19F9D8470043659F /* ng.png in Resources */,
				4FF296CA19F906F300DAA613 /* LaunchScreen.xib in Resources */,
				4FDE8D1319F9D3E00043659F /* logo@2x.png in Resources */,
				4FDE8D1D19F9D8470043659F /* ng@2x.png in Resources */,
				4FF296C719F906F300DAA613 /* Images.xcassets in Resources */,
				4FDE8D1219F9D3E00043659F /* logo.png in Resources */,
			);
			runOnlyForDeploymentPostprocessing = 0;
		};
		4FF296CD19F906F300DAA613 /* Resources */ = {
			isa = PBXResourcesBuildPhase;
			buildActionMask = 2147483647;
			files = (
			);
			runOnlyForDeploymentPostprocessing = 0;
		};
/* End PBXResourcesBuildPhase section */

/* Begin PBXSourcesBuildPhase section */
		4FF296B619F906F300DAA613 /* Sources */ = {
			isa = PBXSourcesBuildPhase;
			buildActionMask = 2147483647;
			files = (
				4FF296E019F9090400DAA613 /* CounterCell.swift in Sources */,
				4FF296C219F906F300DAA613 /* ViewController.swift in Sources */,
				4FF296C019F906F300DAA613 /* AppDelegate.swift in Sources */,
			);
			runOnlyForDeploymentPostprocessing = 0;
		};
		4FF296CB19F906F300DAA613 /* Sources */ = {
			isa = PBXSourcesBuildPhase;
			buildActionMask = 2147483647;
			files = (
				4FF296D619F906F300DAA613 /* CounterTests.swift in Sources */,
			);
			runOnlyForDeploymentPostprocessing = 0;
		};
/* End PBXSourcesBuildPhase section */

/* Begin PBXTargetDependency section */
		4FF296D119F906F300DAA613 /* PBXTargetDependency */ = {
			isa = PBXTargetDependency;
			target = 4FF296B919F906F300DAA613 /* Counter */;
			targetProxy = 4FF296D019F906F300DAA613 /* PBXContainerItemProxy */;
		};
/* End PBXTargetDependency section */

/* Begin PBXVariantGroup section */
		4FF296C819F906F300DAA613 /* LaunchScreen.xib */ = {
			isa = PBXVariantGroup;
			children = (
				4FF296C919F906F300DAA613 /* Base */,
			);
			name = LaunchScreen.xib;
			sourceTree = "<group>";
		};
/* End PBXVariantGroup section */

/* Begin XCBuildConfiguration section */
		4FF296D719F906F300DAA613 /* Debug */ = {
			isa = XCBuildConfiguration;
			buildSettings = {
				ALWAYS_SEARCH_USER_PATHS = NO;
				CLANG_CXX_LANGUAGE_STANDARD = "gnu++0x";
				CLANG_CXX_LIBRARY = "libc++";
				CLANG_ENABLE_MODULES = YES;
				CLANG_ENABLE_OBJC_ARC = YES;
				CLANG_WARN_BOOL_CONVERSION = YES;
				CLANG_WARN_CONSTANT_CONVERSION = YES;
				CLANG_WARN_DIRECT_OBJC_ISA_USAGE = YES_ERROR;
				CLANG_WARN_EMPTY_BODY = YES;
				CLANG_WARN_ENUM_CONVERSION = YES;
				CLANG_WARN_INT_CONVERSION = YES;
				CLANG_WARN_OBJC_ROOT_CLASS = YES_ERROR;
				CLANG_WARN_UNREACHABLE_CODE = YES;
				CLANG_WARN__DUPLICATE_METHOD_MATCH = YES;
				"CODE_SIGN_IDENTITY[sdk=iphoneos*]" = "iPhone Developer";
				COPY_PHASE_STRIP = NO;
				ENABLE_STRICT_OBJC_MSGSEND = YES;
				GCC_C_LANGUAGE_STANDARD = gnu99;
				GCC_DYNAMIC_NO_PIC = NO;
				GCC_OPTIMIZATION_LEVEL = 0;
				GCC_PREPROCESSOR_DEFINITIONS = (
					"DEBUG=1",
					"$(inherited)",
				);
				GCC_SYMBOLS_PRIVATE_EXTERN = NO;
				GCC_WARN_64_TO_32_BIT_CONVERSION = YES;
				GCC_WARN_ABOUT_RETURN_TYPE = YES_ERROR;
				GCC_WARN_UNDECLARED_SELECTOR = YES;
				GCC_WARN_UNINITIALIZED_AUTOS = YES_AGGRESSIVE;
				GCC_WARN_UNUSED_FUNCTION = YES;
				GCC_WARN_UNUSED_VARIABLE = YES;
				IPHONEOS_DEPLOYMENT_TARGET = 8.1;
				MTL_ENABLE_DEBUG_INFO = YES;
				ONLY_ACTIVE_ARCH = YES;
				SDKROOT = iphoneos;
				SWIFT_OPTIMIZATION_LEVEL = "-Onone";
				TARGETED_DEVICE_FAMILY = "1,2";
			};
			name = Debug;
		};
		4FF296D819F906F300DAA613 /* Release */ = {
			isa = XCBuildConfiguration;
			buildSettings = {
				ALWAYS_SEARCH_USER_PATHS = NO;
				CLANG_CXX_LANGUAGE_STANDARD = "gnu++0x";
				CLANG_CXX_LIBRARY = "libc++";
				CLANG_ENABLE_MODULES = YES;
				CLANG_ENABLE_OBJC_ARC = YES;
				CLANG_WARN_BOOL_CONVERSION = YES;
				CLANG_WARN_CONSTANT_CONVERSION = YES;
				CLANG_WARN_DIRECT_OBJC_ISA_USAGE = YES_ERROR;
				CLANG_WARN_EMPTY_BODY = YES;
				CLANG_WARN_ENUM_CONVERSION = YES;
				CLANG_WARN_INT_CONVERSION = YES;
				CLANG_WARN_OBJC_ROOT_CLASS = YES_ERROR;
				CLANG_WARN_UNREACHABLE_CODE = YES;
				CLANG_WARN__DUPLICATE_METHOD_MATCH = YES;
				"CODE_SIGN_IDENTITY[sdk=iphoneos*]" = "iPhone Developer";
				COPY_PHASE_STRIP = YES;
				ENABLE_NS_ASSERTIONS = NO;
				ENABLE_STRICT_OBJC_MSGSEND = YES;
				GCC_C_LANGUAGE_STANDARD = gnu99;
				GCC_WARN_64_TO_32_BIT_CONVERSION = YES;
				GCC_WARN_ABOUT_RETURN_TYPE = YES_ERROR;
				GCC_WARN_UNDECLARED_SELECTOR = YES;
				GCC_WARN_UNINITIALIZED_AUTOS = YES_AGGRESSIVE;
				GCC_WARN_UNUSED_FUNCTION = YES;
				GCC_WARN_UNUSED_VARIABLE = YES;
				IPHONEOS_DEPLOYMENT_TARGET = 8.1;
				MTL_ENABLE_DEBUG_INFO = NO;
				SDKROOT = iphoneos;
				TARGETED_DEVICE_FAMILY = "1,2";
				VALIDATE_PRODUCT = YES;
			};
			name = Release;
		};
		4FF296DA19F906F300DAA613 /* Debug */ = {
			isa = XCBuildConfiguration;
			buildSettings = {
				ASSETCATALOG_COMPILER_APPICON_NAME = AppIcon;
				INFOPLIST_FILE = Counter/Info.plist;
				LD_RUNPATH_SEARCH_PATHS = "$(inherited) @executable_path/Frameworks";
				PRODUCT_NAME = "$(TARGET_NAME)";
				PROVISIONING_PROFILE = "acd0732c-5167-471d-be51-08728aad3c57";
			};
			name = Debug;
		};
		4FF296DB19F906F300DAA613 /* Release */ = {
			isa = XCBuildConfiguration;
			buildSettings = {
				ASSETCATALOG_COMPILER_APPICON_NAME = AppIcon;
				INFOPLIST_FILE = Counter/Info.plist;
				LD_RUNPATH_SEARCH_PATHS = "$(inherited) @executable_path/Frameworks";
				PRODUCT_NAME = "$(TARGET_NAME)";
				PROVISIONING_PROFILE = "acd0732c-5167-471d-be51-08728aad3c57";
			};
			name = Release;
		};
		4FF296DD19F906F300DAA613 /* Debug */ = {
			isa = XCBuildConfiguration;
			buildSettings = {
				BUNDLE_LOADER = "$(TEST_HOST)";
				FRAMEWORK_SEARCH_PATHS = (
					"$(SDKROOT)/Developer/Library/Frameworks",
					"$(inherited)",
				);
				GCC_PREPROCESSOR_DEFINITIONS = (
					"DEBUG=1",
					"$(inherited)",
				);
				INFOPLIST_FILE = CounterTests/Info.plist;
				LD_RUNPATH_SEARCH_PATHS = "$(inherited) @executable_path/Frameworks @loader_path/Frameworks";
				PRODUCT_NAME = "$(TARGET_NAME)";
				TEST_HOST = "$(BUILT_PRODUCTS_DIR)/Counter.app/Counter";
			};
			name = Debug;
		};
		4FF296DE19F906F300DAA613 /* Release */ = {
			isa = XCBuildConfiguration;
			buildSettings = {
				BUNDLE_LOADER = "$(TEST_HOST)";
				FRAMEWORK_SEARCH_PATHS = (
					"$(SDKROOT)/Developer/Library/Frameworks",
					"$(inherited)",
				);
				INFOPLIST_FILE = CounterTests/Info.plist;
				LD_RUNPATH_SEARCH_PATHS = "$(inherited) @executable_path/Frameworks @loader_path/Frameworks";
				PRODUCT_NAME = "$(TARGET_NAME)";
				TEST_HOST = "$(BUILT_PRODUCTS_DIR)/Counter.app/Counter";
			};
			name = Release;
		};
/* End XCBuildConfiguration section */

/* Begin XCConfigurationList section */
		4FF296B519F906F200DAA613 /* Build configuration list for PBXProject "Counter" */ = {
			isa = XCConfigurationList;
			buildConfigurations = (
				4FF296D719F906F300DAA613 /* Debug */,
				4FF296D819F906F300DAA613 /* Release */,
			);
			defaultConfigurationIsVisible = 0;
			defaultConfigurationName = Release;
		};
		4FF296D919F906F300DAA613 /* Build configuration list for PBXNativeTarget "Counter" */ = {
			isa = XCConfigurationList;
			buildConfigurations = (
				4FF296DA19F906F300DAA613 /* Debug */,
				4FF296DB19F906F300DAA613 /* Release */,
			);
			defaultConfigurationIsVisible = 0;
			defaultConfigurationName = Release;
		};
		4FF296DC19F906F300DAA613 /* Build configuration list for PBXNativeTarget "CounterTests" */ = {
			isa = XCConfigurationList;
			buildConfigurations = (
				4FF296DD19F906F300DAA613 /* Debug */,
				4FF296DE19F906F300DAA613 /* Release */,
			);
			defaultConfigurationIsVisible = 0;
			defaultConfigurationName = Release;
		};
/* End XCConfigurationList section */
	};
	rootObject = 4FF296B219F906F200DAA613 /* Project object */;
}
